
Microsoft Visual Studio Solution File, Format Version 12.00
# Visual Studio Version 17
VisualStudioVersion = 17.3.32819.101
MinimumVisualStudioVersion = 10.0.40219.1
Project("{FAE04EC0-301F-11D3-BF4B-00C04F79EFBC}") = "M06 API Cliente", "M06 API Cliente\M06 API Cliente.csproj", "{C9F27B31-A94C-46F6-B9CA-1C437122EF49}"
EndProject
Project("{FAE04EC0-301F-11D3-BF4B-00C04F79EFBC}") = "M06 API Cliente.Core", "M06 API Cliente.Core\M06 API Cliente.Core.csproj", "{3F8505E4-1B9B-47DF-8DE5-D99A5E39B363}"
EndProject
Project("{FAE04EC0-301F-11D3-BF4B-00C04F79EFBC}") = "M06 API Cliente.Infra.Data", "M06 API Cliente.Infra.Data\M06 API Cliente.Infra.Data.csproj", "{735526D2-74E5-465F-B841-B5D87614D6C0}"
	ProjectSection(ProjectDependencies) = postProject
		{3F8505E4-1B9B-47DF-8DE5-D99A5E39B363} = {3F8505E4-1B9B-47DF-8DE5-D99A5E39B363}
	EndProjectSection
EndProject
Project("{2150E333-8FDC-42A3-9474-1A3956D46DE8}") = "Solution Items", "Solution Items", "{9D869699-B9D9-48A3-AFBF-DDE0A301CA29}"
	ProjectSection(SolutionItems) = preProject
		Enunciados.txt = Enunciados.txt
	EndProjectSection
EndProject
Global
	GlobalSection(SolutionConfigurationPlatforms) = preSolution
		Debug|Any CPU = Debug|Any CPU
		Release|Any CPU = Release|Any CPU
	EndGlobalSection
	GlobalSection(ProjectConfigurationPlatforms) = postSolution
		{C9F27B31-A94C-46F6-B9CA-1C437122EF49}.Debug|Any CPU.ActiveCfg = Debug|Any CPU
		{C9F27B31-A94C-46F6-B9CA-1C437122EF49}.Debug|Any CPU.Build.0 = Debug|Any CPU
		{C9F27B31-A94C-46F6-B9CA-1C437122EF49}.Release|Any CPU.ActiveCfg = Release|Any CPU
		{C9F27B31-A94C-46F6-B9CA-1C437122EF49}.Release|Any CPU.Build.0 = Release|Any CPU
		{3F8505E4-1B9B-47DF-8DE5-D99A5E39B363}.Debug|Any CPU.ActiveCfg = Debug|Any CPU
		{3F8505E4-1B9B-47DF-8DE5-D99A5E39B363}.Debug|Any CPU.Build.0 = Debug|Any CPU
		{3F8505E4-1B9B-47DF-8DE5-D99A5E39B363}.Release|Any CPU.ActiveCfg = Release|Any CPU
		{3F8505E4-1B9B-47DF-8DE5-D99A5E39B363}.Release|Any CPU.Build.0 = Release|Any CPU
		{735526D2-74E5-465F-B841-B5D87614D6C0}.Debug|Any CPU.ActiveCfg = Debug|Any CPU
		{735526D2-74E5-465F-B841-B5D87614D6C0}.Debug|Any CPU.Build.0 = Debug|Any CPU
		{735526D2-74E5-465F-B841-B5D87614D6C0}.Release|Any CPU.ActiveCfg = Release|Any CPU
		{735526D2-74E5-465F-B841-B5D87614D6C0}.Release|Any CPU.Build.0 = Release|Any CPU
	EndGlobalSection
	GlobalSection(SolutionProperties) = preSolution
		HideSolutionNode = FALSE
	EndGlobalSection
	GlobalSection(ExtensibilityGlobals) = postSolution
		SolutionGuid = {48779CA0-9EA0-43E3-A1B9-AEAA302226D9}
	EndGlobalSection
EndGlobal
